
Microsoft Visual Studio Solution File, Format Version 12.00
# Visual Studio 14
VisualStudioVersion = 14.0.25420.1
MinimumVisualStudioVersion = 10.0.40219.1
Project("{FAE04EC0-301F-11D3-BF4B-00C04F79EFBC}") = "Btc", "Btc\Btc.csproj", "{3519E575-6558-4269-BBAC-8CE405F61241}"
EndProject
Project("{FAE04EC0-301F-11D3-BF4B-00C04F79EFBC}") = "Btc.Tests", "Btc.Tests\Btc.Tests.csproj", "{16CDC7BC-11E5-4421-8CC1-9BE90AA0F4E9}"
EndProject
Project("{FAE04EC0-301F-11D3-BF4B-00C04F79EFBC}") = "BtcService", "BtcService\BtcService.csproj", "{E1BF9FB2-A220-4F3F-85CC-0B3E4DC3CB9D}"
EndProject
Project("{FAE04EC0-301F-11D3-BF4B-00C04F79EFBC}") = "DAL.Model", "DAL.Model\DAL.Model.csproj", "{29CAAA83-C05E-4D25-AF4F-885779DAD3DD}"
EndProject
Project("{2150E333-8FDC-42A3-9474-1A3956D46DE8}") = "Api", "Api", "{5B5768C6-F411-402D-A94C-C2FD0C966EBE}"
EndProject
Project("{FAE04EC0-301F-11D3-BF4B-00C04F79EFBC}") = "BittrexApi", "BittrexApi\BittrexApi.csproj", "{B213FB29-B51B-4FC1-B25B-866A677DCE9F}"
EndProject
Project("{FAE04EC0-301F-11D3-BF4B-00C04F79EFBC}") = "DAL.Model.Tests", "DAL.Model.Tests\DAL.Model.Tests.csproj", "{C641C473-0D39-4D2C-A223-58FD8A38B5E9}"
EndProject
Project("{FAE04EC0-301F-11D3-BF4B-00C04F79EFBC}") = "BittexApi.Tests", "BittexApi.Tests\BittexApi.Tests.csproj", "{FA721D3C-CC5E-4EEE-81B6-120D530D3708}"
EndProject
Project("{FAE04EC0-301F-11D3-BF4B-00C04F79EFBC}") = "DAL.Repository", "DAL.Repository\DAL.Repository.csproj", "{5671E4C6-5A5F-435E-8D46-A2304C77E9E4}"
EndProject
Project("{FAE04EC0-301F-11D3-BF4B-00C04F79EFBC}") = "DAL.Interfaces", "DAL.Interfaces\DAL.Interfaces.csproj", "{A6938F3B-FBEF-487D-88DF-C2F4195EA7BF}"
EndProject
Global
	GlobalSection(SolutionConfigurationPlatforms) = preSolution
		Debug|Any CPU = Debug|Any CPU
		Release|Any CPU = Release|Any CPU
	EndGlobalSection
	GlobalSection(ProjectConfigurationPlatforms) = postSolution
		{3519E575-6558-4269-BBAC-8CE405F61241}.Debug|Any CPU.ActiveCfg = Debug|Any CPU
		{3519E575-6558-4269-BBAC-8CE405F61241}.Debug|Any CPU.Build.0 = Debug|Any CPU
		{3519E575-6558-4269-BBAC-8CE405F61241}.Release|Any CPU.ActiveCfg = Release|Any CPU
		{3519E575-6558-4269-BBAC-8CE405F61241}.Release|Any CPU.Build.0 = Release|Any CPU
		{16CDC7BC-11E5-4421-8CC1-9BE90AA0F4E9}.Debug|Any CPU.ActiveCfg = Debug|Any CPU
		{16CDC7BC-11E5-4421-8CC1-9BE90AA0F4E9}.Debug|Any CPU.Build.0 = Debug|Any CPU
		{16CDC7BC-11E5-4421-8CC1-9BE90AA0F4E9}.Release|Any CPU.ActiveCfg = Release|Any CPU
		{16CDC7BC-11E5-4421-8CC1-9BE90AA0F4E9}.Release|Any CPU.Build.0 = Release|Any CPU
		{E1BF9FB2-A220-4F3F-85CC-0B3E4DC3CB9D}.Debug|Any CPU.ActiveCfg = Debug|Any CPU
		{E1BF9FB2-A220-4F3F-85CC-0B3E4DC3CB9D}.Debug|Any CPU.Build.0 = Debug|Any CPU
		{E1BF9FB2-A220-4F3F-85CC-0B3E4DC3CB9D}.Release|Any CPU.ActiveCfg = Release|Any CPU
		{E1BF9FB2-A220-4F3F-85CC-0B3E4DC3CB9D}.Release|Any CPU.Build.0 = Release|Any CPU
		{29CAAA83-C05E-4D25-AF4F-885779DAD3DD}.Debug|Any CPU.ActiveCfg = Debug|Any CPU
		{29CAAA83-C05E-4D25-AF4F-885779DAD3DD}.Debug|Any CPU.Build.0 = Debug|Any CPU
		{29CAAA83-C05E-4D25-AF4F-885779DAD3DD}.Release|Any CPU.ActiveCfg = Release|Any CPU
		{29CAAA83-C05E-4D25-AF4F-885779DAD3DD}.Release|Any CPU.Build.0 = Release|Any CPU
		{B213FB29-B51B-4FC1-B25B-866A677DCE9F}.Debug|Any CPU.ActiveCfg = Debug|Any CPU
		{B213FB29-B51B-4FC1-B25B-866A677DCE9F}.Debug|Any CPU.Build.0 = Debug|Any CPU
		{B213FB29-B51B-4FC1-B25B-866A677DCE9F}.Release|Any CPU.ActiveCfg = Release|Any CPU
		{B213FB29-B51B-4FC1-B25B-866A677DCE9F}.Release|Any CPU.Build.0 = Release|Any CPU
		{C641C473-0D39-4D2C-A223-58FD8A38B5E9}.Debug|Any CPU.ActiveCfg = Debug|Any CPU
		{C641C473-0D39-4D2C-A223-58FD8A38B5E9}.Debug|Any CPU.Build.0 = Debug|Any CPU
		{C641C473-0D39-4D2C-A223-58FD8A38B5E9}.Release|Any CPU.ActiveCfg = Release|Any CPU
		{C641C473-0D39-4D2C-A223-58FD8A38B5E9}.Release|Any CPU.Build.0 = Release|Any CPU
		{FA721D3C-CC5E-4EEE-81B6-120D530D3708}.Debug|Any CPU.ActiveCfg = Debug|Any CPU
		{FA721D3C-CC5E-4EEE-81B6-120D530D3708}.Debug|Any CPU.Build.0 = Debug|Any CPU
		{FA721D3C-CC5E-4EEE-81B6-120D530D3708}.Release|Any CPU.ActiveCfg = Release|Any CPU
		{FA721D3C-CC5E-4EEE-81B6-120D530D3708}.Release|Any CPU.Build.0 = Release|Any CPU
		{5671E4C6-5A5F-435E-8D46-A2304C77E9E4}.Debug|Any CPU.ActiveCfg = Debug|Any CPU
		{5671E4C6-5A5F-435E-8D46-A2304C77E9E4}.Debug|Any CPU.Build.0 = Debug|Any CPU
		{5671E4C6-5A5F-435E-8D46-A2304C77E9E4}.Release|Any CPU.ActiveCfg = Release|Any CPU
		{5671E4C6-5A5F-435E-8D46-A2304C77E9E4}.Release|Any CPU.Build.0 = Release|Any CPU
		{A6938F3B-FBEF-487D-88DF-C2F4195EA7BF}.Debug|Any CPU.ActiveCfg = Debug|Any CPU
		{A6938F3B-FBEF-487D-88DF-C2F4195EA7BF}.Debug|Any CPU.Build.0 = Debug|Any CPU
		{A6938F3B-FBEF-487D-88DF-C2F4195EA7BF}.Release|Any CPU.ActiveCfg = Release|Any CPU
		{A6938F3B-FBEF-487D-88DF-C2F4195EA7BF}.Release|Any CPU.Build.0 = Release|Any CPU
	EndGlobalSection
	GlobalSection(SolutionProperties) = preSolution
		HideSolutionNode = FALSE
	EndGlobalSection
	GlobalSection(NestedProjects) = preSolution
		{B213FB29-B51B-4FC1-B25B-866A677DCE9F} = {5B5768C6-F411-402D-A94C-C2FD0C966EBE}
		{FA721D3C-CC5E-4EEE-81B6-120D530D3708} = {5B5768C6-F411-402D-A94C-C2FD0C966EBE}
	EndGlobalSection
EndGlobal
